
Microsoft Visual Studio Solution File, Format Version 12.00
# Visual Studio 2012
Project("{FAE04EC0-301F-11D3-BF4B-00C04F79EFBC}") = "MetaProgramming.RoslynCTP", "MetaProgramming.RoslynCTP\MetaProgramming.RoslynCTP.csproj", "{45271A67-4801-4499-9C12-2A844278021F}"
EndProject
Project("{2150E333-8FDC-42A3-9474-1A3956D46DE8}") = ".nuget", ".nuget", "{555D7659-337B-40D5-893B-BA262859138A}"
	ProjectSection(SolutionItems) = preProject
		.nuget\NuGet.Config = .nuget\NuGet.Config
		.nuget\NuGet.exe = .nuget\NuGet.exe
		.nuget\NuGet.targets = .nuget\NuGet.targets
	EndProjectSection
EndProject
Project("{FAE04EC0-301F-11D3-BF4B-00C04F79EFBC}") = "MetaProgramming.RoslynCTP.Tests", "MetaProgramming.RoslynCTP.Tests\MetaProgramming.RoslynCTP.Tests.csproj", "{F2D19CBA-40C0-4AD4-809F-E5039A323348}"
EndProject
Project("{FAE04EC0-301F-11D3-BF4B-00C04F79EFBC}") = "CSharpToVisualBasicConverter", "MetaProgramming.RoslynCTP\CSharpToVisualBasicConverter\CSharpToVisualBasicConverter.csproj", "{4C23E864-A81E-45FC-B62E-A85E3B521864}"
EndProject
Project("{F184B08F-C81C-45F6-A57F-5ABD9991F28F}") = "VisualBasicToCSharpConverter", "MetaProgramming.RoslynCTP\VisualBasicToCSharpConverter\VisualBasicToCSharpConverter.vbproj", "{93C7AB9E-ACE5-4586-9C7D-B3C1697C4D9D}"
EndProject
Project("{2150E333-8FDC-42A3-9474-1A3956D46DE8}") = "Metaprogramming.RoslynCTP.Samples", "Metaprogramming.RoslynCTP.Samples", "{847E0D3D-9E31-4923-9F5F-42C3FAD06A95}"
EndProject
Project("{2150E333-8FDC-42A3-9474-1A3956D46DE8}") = "Tests", "Tests", "{A3A3F624-117A-4E0C-9F84-02D8283BA55D}"
EndProject
Project("{EDCC3B85-0BAD-11DB-BC1A-00112FDE8B61}") = "MetaProgramming.Nemerle", "MetaProgramming.Nemerle\MetaProgramming.Nemerle.nproj", "{EEE410F7-10DF-452F-A2A5-D073AD12EFD6}"
EndProject
Project("{FAE04EC0-301F-11D3-BF4B-00C04F79EFBC}") = "MetaProgramming.Nemerle.Tests.CSharp", "MetaProgramming.Nemerle.Tests.CSharp\MetaProgramming.Nemerle.Tests.CSharp.csproj", "{44555B43-900C-4F80-B77B-D2C751788BA1}"
EndProject
Project("{EDCC3B85-0BAD-11DB-BC1A-00112FDE8B61}") = "MetaProgramming.Nemerle.Macro", "MetaProgramming.Nemerle.Macro\MetaProgramming.Nemerle.Macro.nproj", "{3BB3E243-467A-42D5-878F-0F1AA26195A5}"
EndProject
Global
	GlobalSection(SolutionConfigurationPlatforms) = preSolution
		Debug|Any CPU = Debug|Any CPU
		Release|Any CPU = Release|Any CPU
	EndGlobalSection
	GlobalSection(ProjectConfigurationPlatforms) = postSolution
		{45271A67-4801-4499-9C12-2A844278021F}.Debug|Any CPU.ActiveCfg = Debug|Any CPU
		{45271A67-4801-4499-9C12-2A844278021F}.Debug|Any CPU.Build.0 = Debug|Any CPU
		{45271A67-4801-4499-9C12-2A844278021F}.Release|Any CPU.ActiveCfg = Release|Any CPU
		{45271A67-4801-4499-9C12-2A844278021F}.Release|Any CPU.Build.0 = Release|Any CPU
		{F2D19CBA-40C0-4AD4-809F-E5039A323348}.Debug|Any CPU.ActiveCfg = Debug|Any CPU
		{F2D19CBA-40C0-4AD4-809F-E5039A323348}.Debug|Any CPU.Build.0 = Debug|Any CPU
		{F2D19CBA-40C0-4AD4-809F-E5039A323348}.Release|Any CPU.ActiveCfg = Release|Any CPU
		{F2D19CBA-40C0-4AD4-809F-E5039A323348}.Release|Any CPU.Build.0 = Release|Any CPU
		{4C23E864-A81E-45FC-B62E-A85E3B521864}.Debug|Any CPU.ActiveCfg = Debug|Any CPU
		{4C23E864-A81E-45FC-B62E-A85E3B521864}.Debug|Any CPU.Build.0 = Debug|Any CPU
		{4C23E864-A81E-45FC-B62E-A85E3B521864}.Release|Any CPU.ActiveCfg = Release|Any CPU
		{4C23E864-A81E-45FC-B62E-A85E3B521864}.Release|Any CPU.Build.0 = Release|Any CPU
		{93C7AB9E-ACE5-4586-9C7D-B3C1697C4D9D}.Debug|Any CPU.ActiveCfg = Debug|Any CPU
		{93C7AB9E-ACE5-4586-9C7D-B3C1697C4D9D}.Debug|Any CPU.Build.0 = Debug|Any CPU
		{93C7AB9E-ACE5-4586-9C7D-B3C1697C4D9D}.Release|Any CPU.ActiveCfg = Release|Any CPU
		{93C7AB9E-ACE5-4586-9C7D-B3C1697C4D9D}.Release|Any CPU.Build.0 = Release|Any CPU
		{EEE410F7-10DF-452F-A2A5-D073AD12EFD6}.Debug|Any CPU.ActiveCfg = Debug|Any CPU
		{EEE410F7-10DF-452F-A2A5-D073AD12EFD6}.Debug|Any CPU.Build.0 = Debug|Any CPU
		{EEE410F7-10DF-452F-A2A5-D073AD12EFD6}.Release|Any CPU.ActiveCfg = Release|Any CPU
		{EEE410F7-10DF-452F-A2A5-D073AD12EFD6}.Release|Any CPU.Build.0 = Release|Any CPU
		{44555B43-900C-4F80-B77B-D2C751788BA1}.Debug|Any CPU.ActiveCfg = Debug|Any CPU
		{44555B43-900C-4F80-B77B-D2C751788BA1}.Debug|Any CPU.Build.0 = Debug|Any CPU
		{44555B43-900C-4F80-B77B-D2C751788BA1}.Release|Any CPU.ActiveCfg = Release|Any CPU
		{44555B43-900C-4F80-B77B-D2C751788BA1}.Release|Any CPU.Build.0 = Release|Any CPU
		{3BB3E243-467A-42D5-878F-0F1AA26195A5}.Debug|Any CPU.ActiveCfg = Debug|Any CPU
		{3BB3E243-467A-42D5-878F-0F1AA26195A5}.Debug|Any CPU.Build.0 = Debug|Any CPU
		{3BB3E243-467A-42D5-878F-0F1AA26195A5}.Release|Any CPU.ActiveCfg = Release|Any CPU
		{3BB3E243-467A-42D5-878F-0F1AA26195A5}.Release|Any CPU.Build.0 = Release|Any CPU
	EndGlobalSection
	GlobalSection(SolutionProperties) = preSolution
		HideSolutionNode = FALSE
	EndGlobalSection
	GlobalSection(NestedProjects) = preSolution
		{F2D19CBA-40C0-4AD4-809F-E5039A323348} = {A3A3F624-117A-4E0C-9F84-02D8283BA55D}
		{44555B43-900C-4F80-B77B-D2C751788BA1} = {A3A3F624-117A-4E0C-9F84-02D8283BA55D}
		{93C7AB9E-ACE5-4586-9C7D-B3C1697C4D9D} = {847E0D3D-9E31-4923-9F5F-42C3FAD06A95}
		{4C23E864-A81E-45FC-B62E-A85E3B521864} = {847E0D3D-9E31-4923-9F5F-42C3FAD06A95}
	EndGlobalSection
EndGlobal
